
Microsoft Visual Studio Solution File, Format Version 12.00
# Visual Studio 15
VisualStudioVersion = 15.0.28307.757
MinimumVisualStudioVersion = 10.0.40219.1
Project("{FAE04EC0-301F-11D3-BF4B-00C04F79EFBC}") = "MarsBurgerV1", "MarsBurgerV1\MarsBurgerV1.csproj", "{8306F966-20EF-4F67-8184-12D7755AD3BB}"
EndProject
Global
	GlobalSection(SolutionConfigurationPlatforms) = preSolution
		Debug|Any CPU = Debug|Any CPU
		Release|Any CPU = Release|Any CPU
	EndGlobalSection
	GlobalSection(ProjectConfigurationPlatforms) = postSolution
		{8306F966-20EF-4F67-8184-12D7755AD3BB}.Debug|Any CPU.ActiveCfg = Debug|Any CPU
		{8306F966-20EF-4F67-8184-12D7755AD3BB}.Debug|Any CPU.Build.0 = Debug|Any CPU
		{8306F966-20EF-4F67-8184-12D7755AD3BB}.Release|Any CPU.ActiveCfg = Release|Any CPU
		{8306F966-20EF-4F67-8184-12D7755AD3BB}.Release|Any CPU.Build.0 = Release|Any CPU
	EndGlobalSection
	GlobalSection(SolutionProperties) = preSolution
		HideSolutionNode = FALSE
	EndGlobalSection
	GlobalSection(ExtensibilityGlobals) = postSolution
		SolutionGuid = {F5CE7345-0676-4AB0-AA1A-48F0372FEC3D}
	EndGlobalSection
EndGlobal
